
Microsoft Visual Studio Solution File, Format Version 12.00
# Visual Studio Version 16
VisualStudioVersion = 16.0.29613.14
MinimumVisualStudioVersion = 10.0.40219.1
Project("{8BC9CEB8-8B4A-11D0-8D11-00A0C91BC942}") = "Go Go Fruit", "Go Go Fruit\Go Go Fruit.vcxproj", "{990A87AB-7C14-4793-A158-BE4B16152FFF}"
EndProject
Global
	GlobalSection(SolutionConfigurationPlatforms) = preSolution
		Debug|x64 = Debug|x64
		Debug|x86 = Debug|x86
		Release|x64 = Release|x64
		Release|x86 = Release|x86
	EndGlobalSection
	GlobalSection(ProjectConfigurationPlatforms) = postSolution
		{990A87AB-7C14-4793-A158-BE4B16152FFF}.Debug|x64.ActiveCfg = Debug|x64
		{990A87AB-7C14-4793-A158-BE4B16152FFF}.Debug|x64.Build.0 = Debug|x64
		{990A87AB-7C14-4793-A158-BE4B16152FFF}.Debug|x86.ActiveCfg = Debug|Win32
		{990A87AB-7C14-4793-A158-BE4B16152FFF}.Debug|x86.Build.0 = Debug|Win32
		{990A87AB-7C14-4793-A158-BE4B16152FFF}.Release|x64.ActiveCfg = Release|x64
		{990A87AB-7C14-4793-A158-BE4B16152FFF}.Release|x64.Build.0 = Release|x64
		{990A87AB-7C14-4793-A158-BE4B16152FFF}.Release|x86.ActiveCfg = Release|Win32
		{990A87AB-7C14-4793-A158-BE4B16152FFF}.Release|x86.Build.0 = Release|Win32
	EndGlobalSection
	GlobalSection(SolutionProperties) = preSolution
		HideSolutionNode = FALSE
	EndGlobalSection
	GlobalSection(ExtensibilityGlobals) = postSolution
		SolutionGuid = {E237C3B2-1A25-456E-A861-AC5602D47E6C}
	EndGlobalSection
EndGlobal
